
Microsoft Visual Studio Solution File, Format Version 12.00
# Visual Studio Version 16
VisualStudioVersion = 16.0.33529.622
MinimumVisualStudioVersion = 10.0.40219.1
Project("{FAE04EC0-301F-11D3-BF4B-00C04F79EFBC}") = "PharmFactory", "ProductFactory\PharmFactory.csproj", "{83730AC9-6FDE-44A8-A55A-C878C8F61C52}"
EndProject
Project("{FAE04EC0-301F-11D3-BF4B-00C04F79EFBC}") = "PharmFactoryLib", "ProductFactoryLib\PharmFactoryLib.csproj", "{C6665EF6-6624-47E5-AA14-795E9ED50ED2}"
EndProject
Project("{9A19103F-16F7-4668-BE54-9A1E7A4F7556}") = "Tests", "Tests\Tests.csproj", "{173B471D-13C1-4988-AF4B-385DF05D55DE}"
EndProject
Global
	GlobalSection(SolutionConfigurationPlatforms) = preSolution
		Debug|Any CPU = Debug|Any CPU
		Release|Any CPU = Release|Any CPU
	EndGlobalSection
	GlobalSection(ProjectConfigurationPlatforms) = postSolution
		{83730AC9-6FDE-44A8-A55A-C878C8F61C52}.Debug|Any CPU.ActiveCfg = Debug|Any CPU
		{83730AC9-6FDE-44A8-A55A-C878C8F61C52}.Debug|Any CPU.Build.0 = Debug|Any CPU
		{83730AC9-6FDE-44A8-A55A-C878C8F61C52}.Release|Any CPU.ActiveCfg = Release|Any CPU
		{83730AC9-6FDE-44A8-A55A-C878C8F61C52}.Release|Any CPU.Build.0 = Release|Any CPU
		{C6665EF6-6624-47E5-AA14-795E9ED50ED2}.Debug|Any CPU.ActiveCfg = Debug|Any CPU
		{C6665EF6-6624-47E5-AA14-795E9ED50ED2}.Debug|Any CPU.Build.0 = Debug|Any CPU
		{C6665EF6-6624-47E5-AA14-795E9ED50ED2}.Release|Any CPU.ActiveCfg = Release|Any CPU
		{C6665EF6-6624-47E5-AA14-795E9ED50ED2}.Release|Any CPU.Build.0 = Release|Any CPU
		{173B471D-13C1-4988-AF4B-385DF05D55DE}.Debug|Any CPU.ActiveCfg = Debug|Any CPU
		{173B471D-13C1-4988-AF4B-385DF05D55DE}.Debug|Any CPU.Build.0 = Debug|Any CPU
		{173B471D-13C1-4988-AF4B-385DF05D55DE}.Release|Any CPU.ActiveCfg = Release|Any CPU
		{173B471D-13C1-4988-AF4B-385DF05D55DE}.Release|Any CPU.Build.0 = Release|Any CPU
	EndGlobalSection
	GlobalSection(SolutionProperties) = preSolution
		HideSolutionNode = FALSE
	EndGlobalSection
	GlobalSection(ExtensibilityGlobals) = postSolution
		SolutionGuid = {5F849F0F-1FD8-4D95-9852-1269234AC698}
	EndGlobalSection
EndGlobal
